
Microsoft Visual Studio Solution File, Format Version 12.00
# Visual Studio Version 16
VisualStudioVersion = 16.0.31105.61
MinimumVisualStudioVersion = 10.0.40219.1
Project("{FAE04EC0-301F-11D3-BF4B-00C04F79EFBC}") = "Tp1JuliePro", "Tp1JuliePro\Tp1JuliePro.csproj", "{8E7A47EA-824C-41B6-8E74-CDC58D3489CD}"
EndProject
Global
	GlobalSection(SolutionConfigurationPlatforms) = preSolution
		Debug|Any CPU = Debug|Any CPU
		Release|Any CPU = Release|Any CPU
	EndGlobalSection
	GlobalSection(ProjectConfigurationPlatforms) = postSolution
		{8E7A47EA-824C-41B6-8E74-CDC58D3489CD}.Debug|Any CPU.ActiveCfg = Debug|Any CPU
		{8E7A47EA-824C-41B6-8E74-CDC58D3489CD}.Debug|Any CPU.Build.0 = Debug|Any CPU
		{8E7A47EA-824C-41B6-8E74-CDC58D3489CD}.Release|Any CPU.ActiveCfg = Release|Any CPU
		{8E7A47EA-824C-41B6-8E74-CDC58D3489CD}.Release|Any CPU.Build.0 = Release|Any CPU
	EndGlobalSection
	GlobalSection(SolutionProperties) = preSolution
		HideSolutionNode = FALSE
	EndGlobalSection
	GlobalSection(ExtensibilityGlobals) = postSolution
		SolutionGuid = {FB7E578C-7C24-483E-A992-85863F91CFD4}
	EndGlobalSection
EndGlobal
